
Microsoft Visual Studio Solution File, Format Version 12.00
# Visual Studio Version 17
VisualStudioVersion = 17.9.34607.119
MinimumVisualStudioVersion = 10.0.40219.1
Project("{FAE04EC0-301F-11D3-BF4B-00C04F79EFBC}") = "CrudOperationInNetCore", "CrudOperationInNetCore\CrudOperationInNetCore.csproj", "{1159858E-28E6-4255-AA0D-BE01EC9F9540}"
EndProject
Global
	GlobalSection(SolutionConfigurationPlatforms) = preSolution
		Debug|Any CPU = Debug|Any CPU
		Release|Any CPU = Release|Any CPU
	EndGlobalSection
	GlobalSection(ProjectConfigurationPlatforms) = postSolution
		{1159858E-28E6-4255-AA0D-BE01EC9F9540}.Debug|Any CPU.ActiveCfg = Debug|Any CPU
		{1159858E-28E6-4255-AA0D-BE01EC9F9540}.Debug|Any CPU.Build.0 = Debug|Any CPU
		{1159858E-28E6-4255-AA0D-BE01EC9F9540}.Release|Any CPU.ActiveCfg = Release|Any CPU
		{1159858E-28E6-4255-AA0D-BE01EC9F9540}.Release|Any CPU.Build.0 = Release|Any CPU
	EndGlobalSection
	GlobalSection(SolutionProperties) = preSolution
		HideSolutionNode = FALSE
	EndGlobalSection
	GlobalSection(ExtensibilityGlobals) = postSolution
		SolutionGuid = {6A4B940D-5AB2-464F-B077-D8D00611B957}
	EndGlobalSection
EndGlobal
